{
  "name": "@darkwolf/hash.mjs",
  "version": "1.0.0",
  "lockfileVersion": 1,
  "requires": true,
  "dependencies": {
    "@darkwolf/base58.mjs": {
      "version": "1.0.1",
      "resolved": "https://registry.npmjs.org/@darkwolf/base58.mjs/-/base58.mjs-1.0.1.tgz",
      "integrity": "sha512-ETszKN+naMzo3IeoO21DlBJIshPqhLRRN2Rzv7Jq82fLMzX8mfu0Xcafw7+Q3ApNXKo+dU8Q2v4lbS9o4R7GHg==",
      "requires": {
        "@darkwolf/custom-error.mjs": "^1.0.1"
      }
    },
    "@darkwolf/custom-error.mjs": {
      "version": "1.0.1",
      "resolved": "https://registry.npmjs.org/@darkwolf/custom-error.mjs/-/custom-error.mjs-1.0.1.tgz",
      "integrity": "sha512-3JoJIpH6CXZ28rNyNWuIyQus9q/7oGIIUi8j5pzh7VhUUWyca3O8o9NKW3SQkwCie6GlQKuu/X/XDh6OByeYrQ=="
    }
  }
}
