{
  "name": "@darkwolf/hash.cjs",
  "version": "1.0.0",
  "lockfileVersion": 1,
  "requires": true,
  "dependencies": {
    "@darkwolf/base58.cjs": {
      "version": "1.0.1",
      "resolved": "https://registry.npmjs.org/@darkwolf/base58.cjs/-/base58.cjs-1.0.1.tgz",
      "integrity": "sha512-ZEjfvNe6+6BuXTZ4sAcUnLvTNSH06KM0cY7rqLH6d+pEoTxGvSlKHQhphkrdVlNM9bfLc3QlcgmuH5eDCTeG/Q==",
      "requires": {
        "@darkwolf/custom-error.cjs": "^1.0.1"
      }
    },
    "@darkwolf/custom-error.cjs": {
      "version": "1.0.1",
      "resolved": "https://registry.npmjs.org/@darkwolf/custom-error.cjs/-/custom-error.cjs-1.0.1.tgz",
      "integrity": "sha512-HKwi0ysb44xgb+ySxjP0MTrkVFdHIWA6RRmaX3R9sfEM1cPwGOs5+hu5rvQaEjg0pNw6swa9xTzKrPmgCXnuRA=="
    }
  }
}
